
Microsoft Visual Studio Solution File, Format Version 12.00
# Visual Studio Version 17
VisualStudioVersion = 17.4.33213.308
MinimumVisualStudioVersion = 10.0.40219.1
Project("{9A19103F-16F7-4668-BE54-9A1E7A4F7556}") = "Cupcakes", "Cupcakes.csproj", "{91F7EFB6-84CA-465B-B98A-1F21DC15C981}"
EndProject
Global
	GlobalSection(SolutionConfigurationPlatforms) = preSolution
		Debug|Any CPU = Debug|Any CPU
		Release|Any CPU = Release|Any CPU
	EndGlobalSection
	GlobalSection(ProjectConfigurationPlatforms) = postSolution
		{91F7EFB6-84CA-465B-B98A-1F21DC15C981}.Debug|Any CPU.ActiveCfg = Debug|Any CPU
		{91F7EFB6-84CA-465B-B98A-1F21DC15C981}.Debug|Any CPU.Build.0 = Debug|Any CPU
		{91F7EFB6-84CA-465B-B98A-1F21DC15C981}.Release|Any CPU.ActiveCfg = Release|Any CPU
		{91F7EFB6-84CA-465B-B98A-1F21DC15C981}.Release|Any CPU.Build.0 = Release|Any CPU
	EndGlobalSection
	GlobalSection(SolutionProperties) = preSolution
		HideSolutionNode = FALSE
	EndGlobalSection
	GlobalSection(ExtensibilityGlobals) = postSolution
		SolutionGuid = {69800124-9F8F-4CEB-9B1A-C1A93BEE967A}
	EndGlobalSection
EndGlobal
